
Microsoft Visual Studio Solution File, Format Version 12.00
# Visual Studio Version 16
VisualStudioVersion = 16.0.29512.175
MinimumVisualStudioVersion = 10.0.40219.1
Project("{2150E333-8FDC-42A3-9474-1A3956D46DE8}") = "Solution Items", "Solution Items", "{EDFB9991-D65F-450A-9FDE-CDA7F896FA33}"
	ProjectSection(SolutionItems) = preProject
		global.json = global.json
		Snippets.txt = Snippets.txt
	EndProjectSection
EndProject
Project("{FAE04EC0-301F-11D3-BF4B-00C04F79EFBC}") = "Brewsy.Data", "Brewsy.Data\Brewsy.Data.csproj", "{BFD14068-22B7-48DE-BEA7-790623F33668}"
EndProject
Project("{FAE04EC0-301F-11D3-BF4B-00C04F79EFBC}") = "Brewsy.Domain", "Brewsy.Domain\Brewsy.Domain.csproj", "{ABDFC41F-1AE6-4D22-A33A-A2230664F9BA}"
EndProject
Project("{FAE04EC0-301F-11D3-BF4B-00C04F79EFBC}") = "Brewsy.Web", "Brewsy.Web\Brewsy.Web.csproj", "{C17546AF-39BD-45CD-B062-450EB7519705}"
EndProject
Global
	GlobalSection(SolutionConfigurationPlatforms) = preSolution
		Debug|Any CPU = Debug|Any CPU
		Release|Any CPU = Release|Any CPU
	EndGlobalSection
	GlobalSection(ProjectConfigurationPlatforms) = postSolution
		{BFD14068-22B7-48DE-BEA7-790623F33668}.Debug|Any CPU.ActiveCfg = Debug|Any CPU
		{BFD14068-22B7-48DE-BEA7-790623F33668}.Debug|Any CPU.Build.0 = Debug|Any CPU
		{BFD14068-22B7-48DE-BEA7-790623F33668}.Release|Any CPU.ActiveCfg = Release|Any CPU
		{BFD14068-22B7-48DE-BEA7-790623F33668}.Release|Any CPU.Build.0 = Release|Any CPU
		{ABDFC41F-1AE6-4D22-A33A-A2230664F9BA}.Debug|Any CPU.ActiveCfg = Debug|Any CPU
		{ABDFC41F-1AE6-4D22-A33A-A2230664F9BA}.Debug|Any CPU.Build.0 = Debug|Any CPU
		{ABDFC41F-1AE6-4D22-A33A-A2230664F9BA}.Release|Any CPU.ActiveCfg = Release|Any CPU
		{ABDFC41F-1AE6-4D22-A33A-A2230664F9BA}.Release|Any CPU.Build.0 = Release|Any CPU
		{C17546AF-39BD-45CD-B062-450EB7519705}.Debug|Any CPU.ActiveCfg = Debug|Any CPU
		{C17546AF-39BD-45CD-B062-450EB7519705}.Debug|Any CPU.Build.0 = Debug|Any CPU
		{C17546AF-39BD-45CD-B062-450EB7519705}.Release|Any CPU.ActiveCfg = Release|Any CPU
		{C17546AF-39BD-45CD-B062-450EB7519705}.Release|Any CPU.Build.0 = Release|Any CPU
	EndGlobalSection
	GlobalSection(SolutionProperties) = preSolution
		HideSolutionNode = FALSE
	EndGlobalSection
	GlobalSection(ExtensibilityGlobals) = postSolution
		SolutionGuid = {A796D04D-F439-4935-9F6E-3EC49E27B9F1}
	EndGlobalSection
EndGlobal
